
Microsoft Visual Studio Solution File, Format Version 12.00
# Visual Studio Version 17
VisualStudioVersion = 17.3.32825.248
MinimumVisualStudioVersion = 10.0.40219.1
Project("{FAE04EC0-301F-11D3-BF4B-00C04F79EFBC}") = "SacramentMeetingPlanner", "SacramentMeetingPlanner\SacramentMeetingPlanner.csproj", "{29D0BC74-0EDF-48C6-868F-0F3460188CA5}"
EndProject
Global
	GlobalSection(SolutionConfigurationPlatforms) = preSolution
		Debug|Any CPU = Debug|Any CPU
		Release|Any CPU = Release|Any CPU
	EndGlobalSection
	GlobalSection(ProjectConfigurationPlatforms) = postSolution
		{29D0BC74-0EDF-48C6-868F-0F3460188CA5}.Debug|Any CPU.ActiveCfg = Debug|Any CPU
		{29D0BC74-0EDF-48C6-868F-0F3460188CA5}.Debug|Any CPU.Build.0 = Debug|Any CPU
		{29D0BC74-0EDF-48C6-868F-0F3460188CA5}.Release|Any CPU.ActiveCfg = Release|Any CPU
		{29D0BC74-0EDF-48C6-868F-0F3460188CA5}.Release|Any CPU.Build.0 = Release|Any CPU
	EndGlobalSection
	GlobalSection(SolutionProperties) = preSolution
		HideSolutionNode = FALSE
	EndGlobalSection
	GlobalSection(ExtensibilityGlobals) = postSolution
		SolutionGuid = {3DE14B1E-5E87-4DE2-B9B3-615046B43197}
	EndGlobalSection
EndGlobal
